
Microsoft Visual Studio Solution File, Format Version 12.00
# Visual Studio Version 17
VisualStudioVersion = 17.7.34221.43
MinimumVisualStudioVersion = 10.0.40219.1
Project("{FAE04EC0-301F-11D3-BF4B-00C04F79EFBC}") = "Portfolio", "Portfolio\Portfolio.csproj", "{8B227644-8E21-4150-9266-E7A6C4B75EFF}"
EndProject
Global
	GlobalSection(SolutionConfigurationPlatforms) = preSolution
		Debug|Any CPU = Debug|Any CPU
		Release|Any CPU = Release|Any CPU
	EndGlobalSection
	GlobalSection(ProjectConfigurationPlatforms) = postSolution
		{8B227644-8E21-4150-9266-E7A6C4B75EFF}.Debug|Any CPU.ActiveCfg = Debug|Any CPU
		{8B227644-8E21-4150-9266-E7A6C4B75EFF}.Debug|Any CPU.Build.0 = Debug|Any CPU
		{8B227644-8E21-4150-9266-E7A6C4B75EFF}.Release|Any CPU.ActiveCfg = Release|Any CPU
		{8B227644-8E21-4150-9266-E7A6C4B75EFF}.Release|Any CPU.Build.0 = Release|Any CPU
	EndGlobalSection
	GlobalSection(SolutionProperties) = preSolution
		HideSolutionNode = FALSE
	EndGlobalSection
	GlobalSection(ExtensibilityGlobals) = postSolution
		SolutionGuid = {096F7FFF-D3B0-463D-A823-89F163664EB8}
	EndGlobalSection
EndGlobal
